
Microsoft Visual Studio Solution File, Format Version 12.00
# Visual Studio 15
VisualStudioVersion = 15.0.27130.2036
MinimumVisualStudioVersion = 10.0.40219.1
Project("{FAE04EC0-301F-11D3-BF4B-00C04F79EFBC}") = "HRD_DataLibrary", "HRD_DataLibrary\HRD_DataLibrary.csproj", "{EC84FBBD-213F-41D2-A91E-C647A2ECFF0B}"
EndProject
Global
	GlobalSection(SolutionConfigurationPlatforms) = preSolution
		Debug|Any CPU = Debug|Any CPU
		Release|Any CPU = Release|Any CPU
	EndGlobalSection
	GlobalSection(ProjectConfigurationPlatforms) = postSolution
		{EC84FBBD-213F-41D2-A91E-C647A2ECFF0B}.Debug|Any CPU.ActiveCfg = Debug|Any CPU
		{EC84FBBD-213F-41D2-A91E-C647A2ECFF0B}.Debug|Any CPU.Build.0 = Debug|Any CPU
		{EC84FBBD-213F-41D2-A91E-C647A2ECFF0B}.Release|Any CPU.ActiveCfg = Release|Any CPU
		{EC84FBBD-213F-41D2-A91E-C647A2ECFF0B}.Release|Any CPU.Build.0 = Release|Any CPU
	EndGlobalSection
	GlobalSection(SolutionProperties) = preSolution
		HideSolutionNode = FALSE
	EndGlobalSection
	GlobalSection(ExtensibilityGlobals) = postSolution
		SolutionGuid = {75843321-C1BA-4224-ADD9-0C5E2D64BF6E}
	EndGlobalSection
EndGlobal
